
Microsoft Visual Studio Solution File, Format Version 12.00
# Visual Studio 15
VisualStudioVersion = 15.0.27703.2047
MinimumVisualStudioVersion = 10.0.40219.1
Project("{FAE04EC0-301F-11D3-BF4B-00C04F79EFBC}") = "PxlTeambuilderApi", "PxlTeambuilderApi\PxlTeambuilderApi.csproj", "{EC21DCAB-5EE9-4138-8FD8-35C54BFFBA7C}"
EndProject
Project("{FAE04EC0-301F-11D3-BF4B-00C04F79EFBC}") = "PxlTeambuilderApi.Data", "PxlTeambuilderApi.Data\PxlTeambuilderApi.Data.csproj", "{BCFC94BD-4A42-432E-B25C-0A833B2BFE25}"
EndProject
Project("{FAE04EC0-301F-11D3-BF4B-00C04F79EFBC}") = "PxlTeambuilder.Runtime", "PxlTeambuilder.Runtime\PxlTeambuilder.Runtime.csproj", "{A447DD9B-677A-4708-9D21-E53A666BC4E7}"
EndProject
Project("{FAE04EC0-301F-11D3-BF4B-00C04F79EFBC}") = "PxlTeambuilderApi.Tests", "PxlTeambuilderApi.Tests\PxlTeambuilderApi.Tests.csproj", "{ED328751-408C-48E5-A67C-C4D60F28C2D3}"
EndProject
Global
	GlobalSection(SolutionConfigurationPlatforms) = preSolution
		Debug|Any CPU = Debug|Any CPU
		Release|Any CPU = Release|Any CPU
	EndGlobalSection
	GlobalSection(ProjectConfigurationPlatforms) = postSolution
		{EC21DCAB-5EE9-4138-8FD8-35C54BFFBA7C}.Debug|Any CPU.ActiveCfg = Debug|Any CPU
		{EC21DCAB-5EE9-4138-8FD8-35C54BFFBA7C}.Debug|Any CPU.Build.0 = Debug|Any CPU
		{EC21DCAB-5EE9-4138-8FD8-35C54BFFBA7C}.Release|Any CPU.ActiveCfg = Release|Any CPU
		{EC21DCAB-5EE9-4138-8FD8-35C54BFFBA7C}.Release|Any CPU.Build.0 = Release|Any CPU
		{BCFC94BD-4A42-432E-B25C-0A833B2BFE25}.Debug|Any CPU.ActiveCfg = Debug|Any CPU
		{BCFC94BD-4A42-432E-B25C-0A833B2BFE25}.Debug|Any CPU.Build.0 = Debug|Any CPU
		{BCFC94BD-4A42-432E-B25C-0A833B2BFE25}.Release|Any CPU.ActiveCfg = Release|Any CPU
		{BCFC94BD-4A42-432E-B25C-0A833B2BFE25}.Release|Any CPU.Build.0 = Release|Any CPU
		{A447DD9B-677A-4708-9D21-E53A666BC4E7}.Debug|Any CPU.ActiveCfg = Debug|Any CPU
		{A447DD9B-677A-4708-9D21-E53A666BC4E7}.Debug|Any CPU.Build.0 = Debug|Any CPU
		{A447DD9B-677A-4708-9D21-E53A666BC4E7}.Release|Any CPU.ActiveCfg = Release|Any CPU
		{A447DD9B-677A-4708-9D21-E53A666BC4E7}.Release|Any CPU.Build.0 = Release|Any CPU
		{ED328751-408C-48E5-A67C-C4D60F28C2D3}.Debug|Any CPU.ActiveCfg = Debug|Any CPU
		{ED328751-408C-48E5-A67C-C4D60F28C2D3}.Debug|Any CPU.Build.0 = Debug|Any CPU
		{ED328751-408C-48E5-A67C-C4D60F28C2D3}.Release|Any CPU.ActiveCfg = Release|Any CPU
		{ED328751-408C-48E5-A67C-C4D60F28C2D3}.Release|Any CPU.Build.0 = Release|Any CPU
	EndGlobalSection
	GlobalSection(SolutionProperties) = preSolution
		HideSolutionNode = FALSE
	EndGlobalSection
	GlobalSection(ExtensibilityGlobals) = postSolution
		SolutionGuid = {650196CD-6EA3-4881-AA0F-24300EFD0B3E}
	EndGlobalSection
EndGlobal
